
Microsoft Visual Studio Solution File, Format Version 12.00
# Visual Studio 14
VisualStudioVersion = 14.0.25420.1
MinimumVisualStudioVersion = 10.0.40219.1
Project("{FAE04EC0-301F-11D3-BF4B-00C04F79EFBC}") = "BouncerController", "BouncerController\BouncerController.csproj", "{F8F67064-1A6B-4D11-A15A-8ED83BFFD113}"
EndProject
Project("{FAE04EC0-301F-11D3-BF4B-00C04F79EFBC}") = "MonoBrickTest", "MonoBrickTest\MonoBrickTest.csproj", "{A38314D3-3D83-4631-8AE0-D15DD30DE18B}"
EndProject
Project("{FAE04EC0-301F-11D3-BF4B-00C04F79EFBC}") = "ArduinoTest", "Arduino Test\ArduinoTest.csproj", "{472C78EE-9B53-4F49-9582-DE7E60AAC179}"
EndProject
Global
	GlobalSection(SolutionConfigurationPlatforms) = preSolution
		Debug|Any CPU = Debug|Any CPU
		Release|Any CPU = Release|Any CPU
	EndGlobalSection
	GlobalSection(ProjectConfigurationPlatforms) = postSolution
		{F8F67064-1A6B-4D11-A15A-8ED83BFFD113}.Debug|Any CPU.ActiveCfg = Debug|Any CPU
		{F8F67064-1A6B-4D11-A15A-8ED83BFFD113}.Debug|Any CPU.Build.0 = Debug|Any CPU
		{F8F67064-1A6B-4D11-A15A-8ED83BFFD113}.Release|Any CPU.ActiveCfg = Release|Any CPU
		{F8F67064-1A6B-4D11-A15A-8ED83BFFD113}.Release|Any CPU.Build.0 = Release|Any CPU
		{A38314D3-3D83-4631-8AE0-D15DD30DE18B}.Debug|Any CPU.ActiveCfg = Debug|Any CPU
		{A38314D3-3D83-4631-8AE0-D15DD30DE18B}.Debug|Any CPU.Build.0 = Debug|Any CPU
		{A38314D3-3D83-4631-8AE0-D15DD30DE18B}.Release|Any CPU.ActiveCfg = Release|Any CPU
		{A38314D3-3D83-4631-8AE0-D15DD30DE18B}.Release|Any CPU.Build.0 = Release|Any CPU
		{472C78EE-9B53-4F49-9582-DE7E60AAC179}.Debug|Any CPU.ActiveCfg = Debug|Any CPU
		{472C78EE-9B53-4F49-9582-DE7E60AAC179}.Debug|Any CPU.Build.0 = Debug|Any CPU
		{472C78EE-9B53-4F49-9582-DE7E60AAC179}.Release|Any CPU.ActiveCfg = Release|Any CPU
		{472C78EE-9B53-4F49-9582-DE7E60AAC179}.Release|Any CPU.Build.0 = Release|Any CPU
	EndGlobalSection
	GlobalSection(SolutionProperties) = preSolution
		HideSolutionNode = FALSE
	EndGlobalSection
EndGlobal
